
Microsoft Visual Studio Solution File, Format Version 12.00
# Visual Studio 15
VisualStudioVersion = 15.0.27130.2020
MinimumVisualStudioVersion = 10.0.40219.1
Project("{FAE04EC0-301F-11D3-BF4B-00C04F79EFBC}") = "LikeAList", "LikeAList\LikeAList.csproj", "{666AB9BC-592B-467B-AE65-1A76AC48886A}"
EndProject
Global
	GlobalSection(SolutionConfigurationPlatforms) = preSolution
		Debug|Any CPU = Debug|Any CPU
		Release|Any CPU = Release|Any CPU
	EndGlobalSection
	GlobalSection(ProjectConfigurationPlatforms) = postSolution
		{666AB9BC-592B-467B-AE65-1A76AC48886A}.Debug|Any CPU.ActiveCfg = Debug|Any CPU
		{666AB9BC-592B-467B-AE65-1A76AC48886A}.Debug|Any CPU.Build.0 = Debug|Any CPU
		{666AB9BC-592B-467B-AE65-1A76AC48886A}.Release|Any CPU.ActiveCfg = Release|Any CPU
		{666AB9BC-592B-467B-AE65-1A76AC48886A}.Release|Any CPU.Build.0 = Release|Any CPU
	EndGlobalSection
	GlobalSection(SolutionProperties) = preSolution
		HideSolutionNode = FALSE
	EndGlobalSection
	GlobalSection(ExtensibilityGlobals) = postSolution
		SolutionGuid = {F114BDDB-A76A-4E5F-B448-27D4881992B7}
	EndGlobalSection
EndGlobal
